// !$*UTF8*$!
{
	archiveVersion = 1;
	classes = {
	};
	objectVersion = 77;
	objects = {

/* Begin PBXBuildFile section */
		DF6933422EBDE82C00940F80 /* CodeEditorView in Frameworks */ = {isa = PBXBuildFile; productRef = DF6933412EBDE82C00940F80 /* CodeEditorView */; };
		DF6933442EBDE82C00940F80 /* LanguageSupport in Frameworks */ = {isa = PBXBuildFile; productRef = DF6933432EBDE82C00940F80 /* LanguageSupport */; };
		DF69334B2EBDF63000940F80 /* KeychainSwift in Frameworks */ = {isa = PBXBuildFile; productRef = DF69334A2EBDF63000940F80 /* KeychainSwift */; };
		DF6933692EBF93C100940F80 /* AppIcon.icon in Resources */ = {isa = PBXBuildFile; fileRef = DF6933682EBF93C100940F80 /* AppIcon.icon */; };
		DF72D0F12EBDA3F30007C5EB /* EvmCore in Frameworks */ = {isa = PBXBuildFile; productRef = DF72D0F02EBDA3F30007C5EB /* EvmCore */; };
		DF72D0F32EBDA3F30007C5EB /* Solidity in Frameworks */ = {isa = PBXBuildFile; productRef = DF72D0F22EBDA3F30007C5EB /* Solidity */; };
		DFBEF2CC2EC62696004A1BCF /* ViewInspector in Frameworks */ = {isa = PBXBuildFile; productRef = DFBEF2CB2EC62696004A1BCF /* ViewInspector */; };
/* End PBXBuildFile section */

/* Begin PBXContainerItemProxy section */
		DF72D0842EBB4A1F0007C5EB /* PBXContainerItemProxy */ = {
			isa = PBXContainerItemProxy;
			containerPortal = DF72D06C2EBB4A1F0007C5EB /* Project object */;
			proxyType = 1;
			remoteGlobalIDString = DF72D0732EBB4A1F0007C5EB;
			remoteInfo = SmartContractApp;
		};
		DF72D08E2EBB4A1F0007C5EB /* PBXContainerItemProxy */ = {
			isa = PBXContainerItemProxy;
			containerPortal = DF72D06C2EBB4A1F0007C5EB /* Project object */;
			proxyType = 1;
			remoteGlobalIDString = DF72D0732EBB4A1F0007C5EB;
			remoteInfo = SmartContractApp;
		};
/* End PBXContainerItemProxy section */

/* Begin PBXFileReference section */
		DF1B0D5D2ECCAEDD009E3D18 /* SmartContractAppTests.xctestplan */ = {isa = PBXFileReference; lastKnownFileType = text; path = SmartContractAppTests.xctestplan; sourceTree = "<group>"; };
		DF6933682EBF93C100940F80 /* AppIcon.icon */ = {isa = PBXFileReference; lastKnownFileType = folder.iconcomposer.icon; path = AppIcon.icon; sourceTree = "<group>"; };
		DF72D0742EBB4A1F0007C5EB /* SmartContractApp.app */ = {isa = PBXFileReference; explicitFileType = wrapper.application; includeInIndex = 0; path = SmartContractApp.app; sourceTree = BUILT_PRODUCTS_DIR; };
		DF72D0832EBB4A1F0007C5EB /* SmartContractAppTests.xctest */ = {isa = PBXFileReference; explicitFileType = wrapper.cfbundle; includeInIndex = 0; path = SmartContractAppTests.xctest; sourceTree = BUILT_PRODUCTS_DIR; };
		DF72D08D2EBB4A1F0007C5EB /* SmartContractAppUITests.xctest */ = {isa = PBXFileReference; explicitFileType = wrapper.cfbundle; includeInIndex = 0; path = SmartContractAppUITests.xctest; sourceTree = BUILT_PRODUCTS_DIR; };
/* End PBXFileReference section */

/* Begin PBXFileSystemSynchronizedRootGroup section */
		DF72D0762EBB4A1F0007C5EB /* SmartContractApp */ = {
			isa = PBXFileSystemSynchronizedRootGroup;
			path = SmartContractApp;
			sourceTree = "<group>";
		};
		DF72D0862EBB4A1F0007C5EB /* SmartContractAppTests */ = {
			isa = PBXFileSystemSynchronizedRootGroup;
			path = SmartContractAppTests;
			sourceTree = "<group>";
		};
		DF72D0902EBB4A1F0007C5EB /* SmartContractAppUITests */ = {
			isa = PBXFileSystemSynchronizedRootGroup;
			path = SmartContractAppUITests;
			sourceTree = "<group>";
		};
/* End PBXFileSystemSynchronizedRootGroup section */

/* Begin PBXFrameworksBuildPhase section */
		DF72D0712EBB4A1F0007C5EB /* Frameworks */ = {
			isa = PBXFrameworksBuildPhase;
			buildActionMask = 2147483647;
			files = (
				DF6933442EBDE82C00940F80 /* LanguageSupport in Frameworks */,
				DF6933422EBDE82C00940F80 /* CodeEditorView in Frameworks */,
				DF69334B2EBDF63000940F80 /* KeychainSwift in Frameworks */,
				DF72D0F12EBDA3F30007C5EB /* EvmCore in Frameworks */,
				DF72D0F32EBDA3F30007C5EB /* Solidity in Frameworks */,
			);
			runOnlyForDeploymentPostprocessing = 0;
		};
		DF72D0802EBB4A1F0007C5EB /* Frameworks */ = {
			isa = PBXFrameworksBuildPhase;
			buildActionMask = 2147483647;
			files = (
				DFBEF2CC2EC62696004A1BCF /* ViewInspector in Frameworks */,
			);
			runOnlyForDeploymentPostprocessing = 0;
		};
		DF72D08A2EBB4A1F0007C5EB /* Frameworks */ = {
			isa = PBXFrameworksBuildPhase;
			buildActionMask = 2147483647;
			files = (
			);
			runOnlyForDeploymentPostprocessing = 0;
		};
/* End PBXFrameworksBuildPhase section */

/* Begin PBXGroup section */
		DF72D06B2EBB4A1F0007C5EB = {
			isa = PBXGroup;
			children = (
				DF1B0D5D2ECCAEDD009E3D18 /* SmartContractAppTests.xctestplan */,
				DF72D0762EBB4A1F0007C5EB /* SmartContractApp */,
				DF72D0862EBB4A1F0007C5EB /* SmartContractAppTests */,
				DF72D0902EBB4A1F0007C5EB /* SmartContractAppUITests */,
				DF72D0752EBB4A1F0007C5EB /* Products */,
				DF6933682EBF93C100940F80 /* AppIcon.icon */,
			);
			sourceTree = "<group>";
		};
		DF72D0752EBB4A1F0007C5EB /* Products */ = {
			isa = PBXGroup;
			children = (
				DF72D0742EBB4A1F0007C5EB /* SmartContractApp.app */,
				DF72D0832EBB4A1F0007C5EB /* SmartContractAppTests.xctest */,
				DF72D08D2EBB4A1F0007C5EB /* SmartContractAppUITests.xctest */,
			);
			name = Products;
			sourceTree = "<group>";
		};
/* End PBXGroup section */

/* Begin PBXNativeTarget section */
		DF72D0732EBB4A1F0007C5EB /* SmartContractApp */ = {
			isa = PBXNativeTarget;
			buildConfigurationList = DF72D0972EBB4A1F0007C5EB /* Build configuration list for PBXNativeTarget "SmartContractApp" */;
			buildPhases = (
				DF72D0702EBB4A1F0007C5EB /* Sources */,
				DF72D0712EBB4A1F0007C5EB /* Frameworks */,
				DF72D0722EBB4A1F0007C5EB /* Resources */,
			);
			buildRules = (
			);
			dependencies = (
			);
			fileSystemSynchronizedGroups = (
				DF72D0762EBB4A1F0007C5EB /* SmartContractApp */,
			);
			name = SmartContractApp;
			packageProductDependencies = (
				DF72D0F02EBDA3F30007C5EB /* EvmCore */,
				DF72D0F22EBDA3F30007C5EB /* Solidity */,
				DF6933412EBDE82C00940F80 /* CodeEditorView */,
				DF6933432EBDE82C00940F80 /* LanguageSupport */,
				DF69334A2EBDF63000940F80 /* KeychainSwift */,
			);
			productName = SmartContractApp;
			productReference = DF72D0742EBB4A1F0007C5EB /* SmartContractApp.app */;
			productType = "com.apple.product-type.application";
		};
		DF72D0822EBB4A1F0007C5EB /* SmartContractAppTests */ = {
			isa = PBXNativeTarget;
			buildConfigurationList = DF72D09A2EBB4A1F0007C5EB /* Build configuration list for PBXNativeTarget "SmartContractAppTests" */;
			buildPhases = (
				DF72D07F2EBB4A1F0007C5EB /* Sources */,
				DF72D0802EBB4A1F0007C5EB /* Frameworks */,
				DF72D0812EBB4A1F0007C5EB /* Resources */,
			);
			buildRules = (
			);
			dependencies = (
				DF72D0852EBB4A1F0007C5EB /* PBXTargetDependency */,
			);
			fileSystemSynchronizedGroups = (
				DF72D0862EBB4A1F0007C5EB /* SmartContractAppTests */,
			);
			name = SmartContractAppTests;
			packageProductDependencies = (
				DFBEF2CB2EC62696004A1BCF /* ViewInspector */,
			);
			productName = SmartContractAppTests;
			productReference = DF72D0832EBB4A1F0007C5EB /* SmartContractAppTests.xctest */;
			productType = "com.apple.product-type.bundle.unit-test";
		};
		DF72D08C2EBB4A1F0007C5EB /* SmartContractAppUITests */ = {
			isa = PBXNativeTarget;
			buildConfigurationList = DF72D09D2EBB4A1F0007C5EB /* Build configuration list for PBXNativeTarget "SmartContractAppUITests" */;
			buildPhases = (
				DF72D0892EBB4A1F0007C5EB /* Sources */,
				DF72D08A2EBB4A1F0007C5EB /* Frameworks */,
				DF72D08B2EBB4A1F0007C5EB /* Resources */,
			);
			buildRules = (
			);
			dependencies = (
				DF72D08F2EBB4A1F0007C5EB /* PBXTargetDependency */,
			);
			fileSystemSynchronizedGroups = (
				DF72D0902EBB4A1F0007C5EB /* SmartContractAppUITests */,
			);
			name = SmartContractAppUITests;
			packageProductDependencies = (
			);
			productName = SmartContractAppUITests;
			productReference = DF72D08D2EBB4A1F0007C5EB /* SmartContractAppUITests.xctest */;
			productType = "com.apple.product-type.bundle.ui-testing";
		};
/* End PBXNativeTarget section */

/* Begin PBXProject section */
		DF72D06C2EBB4A1F0007C5EB /* Project object */ = {
			isa = PBXProject;
			attributes = {
				BuildIndependentTargetsInParallel = 1;
				LastSwiftUpdateCheck = 2600;
				LastUpgradeCheck = 2600;
				TargetAttributes = {
					DF72D0732EBB4A1F0007C5EB = {
						CreatedOnToolsVersion = 26.0;
					};
					DF72D0822EBB4A1F0007C5EB = {
						CreatedOnToolsVersion = 26.0;
						TestTargetID = DF72D0732EBB4A1F0007C5EB;
					};
					DF72D08C2EBB4A1F0007C5EB = {
						CreatedOnToolsVersion = 26.0;
						TestTargetID = DF72D0732EBB4A1F0007C5EB;
					};
				};
			};
			buildConfigurationList = DF72D06F2EBB4A1F0007C5EB /* Build configuration list for PBXProject "SmartContractApp" */;
			developmentRegion = en;
			hasScannedForEncodings = 0;
			knownRegions = (
				en,
				Base,
				"zh-Hans",
			);
			mainGroup = DF72D06B2EBB4A1F0007C5EB;
			minimizedProjectReferenceProxies = 1;
			packageReferences = (
				DF72D0EF2EBDA3F30007C5EB /* XCLocalSwiftPackageReference "packages/EvmCore" */,
				DF6933402EBDE82C00940F80 /* XCRemoteSwiftPackageReference "CodeEditorView" */,
				DF6933492EBDF63000940F80 /* XCRemoteSwiftPackageReference "keychain-swift" */,
				DFBEF2CA2EC62696004A1BCF /* XCRemoteSwiftPackageReference "ViewInspector" */,
			);
			preferredProjectObjectVersion = 77;
			productRefGroup = DF72D0752EBB4A1F0007C5EB /* Products */;
			projectDirPath = "";
			projectRoot = "";
			targets = (
				DF72D0732EBB4A1F0007C5EB /* SmartContractApp */,
				DF72D0822EBB4A1F0007C5EB /* SmartContractAppTests */,
				DF72D08C2EBB4A1F0007C5EB /* SmartContractAppUITests */,
			);
		};
/* End PBXProject section */

/* Begin PBXResourcesBuildPhase section */
		DF72D0722EBB4A1F0007C5EB /* Resources */ = {
			isa = PBXResourcesBuildPhase;
			buildActionMask = 2147483647;
			files = (
				DF6933692EBF93C100940F80 /* AppIcon.icon in Resources */,
			);
			runOnlyForDeploymentPostprocessing = 0;
		};
		DF72D0812EBB4A1F0007C5EB /* Resources */ = {
			isa = PBXResourcesBuildPhase;
			buildActionMask = 2147483647;
			files = (
			);
			runOnlyForDeploymentPostprocessing = 0;
		};
		DF72D08B2EBB4A1F0007C5EB /* Resources */ = {
			isa = PBXResourcesBuildPhase;
			buildActionMask = 2147483647;
			files = (
			);
			runOnlyForDeploymentPostprocessing = 0;
		};
/* End PBXResourcesBuildPhase section */

/* Begin PBXSourcesBuildPhase section */
		DF72D0702EBB4A1F0007C5EB /* Sources */ = {
			isa = PBXSourcesBuildPhase;
			buildActionMask = 2147483647;
			files = (
			);
			runOnlyForDeploymentPostprocessing = 0;
		};
		DF72D07F2EBB4A1F0007C5EB /* Sources */ = {
			isa = PBXSourcesBuildPhase;
			buildActionMask = 2147483647;
			files = (
			);
			runOnlyForDeploymentPostprocessing = 0;
		};
		DF72D0892EBB4A1F0007C5EB /* Sources */ = {
			isa = PBXSourcesBuildPhase;
			buildActionMask = 2147483647;
			files = (
			);
			runOnlyForDeploymentPostprocessing = 0;
		};
/* End PBXSourcesBuildPhase section */

/* Begin PBXTargetDependency section */
		DF72D0852EBB4A1F0007C5EB /* PBXTargetDependency */ = {
			isa = PBXTargetDependency;
			target = DF72D0732EBB4A1F0007C5EB /* SmartContractApp */;
			targetProxy = DF72D0842EBB4A1F0007C5EB /* PBXContainerItemProxy */;
		};
		DF72D08F2EBB4A1F0007C5EB /* PBXTargetDependency */ = {
			isa = PBXTargetDependency;
			target = DF72D0732EBB4A1F0007C5EB /* SmartContractApp */;
			targetProxy = DF72D08E2EBB4A1F0007C5EB /* PBXContainerItemProxy */;
		};
/* End PBXTargetDependency section */

/* Begin XCBuildConfiguration section */
		DF72D0952EBB4A1F0007C5EB /* Debug */ = {
			isa = XCBuildConfiguration;
			buildSettings = {
				ALWAYS_SEARCH_USER_PATHS = NO;
				ASSETCATALOG_COMPILER_GENERATE_SWIFT_ASSET_SYMBOL_EXTENSIONS = YES;
				CLANG_ANALYZER_NONNULL = YES;
				CLANG_ANALYZER_NUMBER_OBJECT_CONVERSION = YES_AGGRESSIVE;
				CLANG_CXX_LANGUAGE_STANDARD = "gnu++20";
				CLANG_ENABLE_MODULES = YES;
				CLANG_ENABLE_OBJC_ARC = YES;
				CLANG_ENABLE_OBJC_WEAK = YES;
				CLANG_WARN_BLOCK_CAPTURE_AUTORELEASING = YES;
				CLANG_WARN_BOOL_CONVERSION = YES;
				CLANG_WARN_COMMA = YES;
				CLANG_WARN_CONSTANT_CONVERSION = YES;
				CLANG_WARN_DEPRECATED_OBJC_IMPLEMENTATIONS = YES;
				CLANG_WARN_DIRECT_OBJC_ISA_USAGE = YES_ERROR;
				CLANG_WARN_DOCUMENTATION_COMMENTS = YES;
				CLANG_WARN_EMPTY_BODY = YES;
				CLANG_WARN_ENUM_CONVERSION = YES;
				CLANG_WARN_INFINITE_RECURSION = YES;
				CLANG_WARN_INT_CONVERSION = YES;
				CLANG_WARN_NON_LITERAL_NULL_CONVERSION = YES;
				CLANG_WARN_OBJC_IMPLICIT_RETAIN_SELF = YES;
				CLANG_WARN_OBJC_LITERAL_CONVERSION = YES;
				CLANG_WARN_OBJC_ROOT_CLASS = YES_ERROR;
				CLANG_WARN_QUOTED_INCLUDE_IN_FRAMEWORK_HEADER = YES;
				CLANG_WARN_RANGE_LOOP_ANALYSIS = YES;
				CLANG_WARN_STRICT_PROTOTYPES = YES;
				CLANG_WARN_SUSPICIOUS_MOVE = YES;
				CLANG_WARN_UNGUARDED_AVAILABILITY = YES_AGGRESSIVE;
				CLANG_WARN_UNREACHABLE_CODE = YES;
				CLANG_WARN__DUPLICATE_METHOD_MATCH = YES;
				COPY_PHASE_STRIP = NO;
				DEBUG_INFORMATION_FORMAT = dwarf;
				DEVELOPMENT_TEAM = P9KK452K8P;
				ENABLE_STRICT_OBJC_MSGSEND = YES;
				ENABLE_TESTABILITY = YES;
				ENABLE_USER_SCRIPT_SANDBOXING = YES;
				GCC_C_LANGUAGE_STANDARD = gnu17;
				GCC_DYNAMIC_NO_PIC = NO;
				GCC_NO_COMMON_BLOCKS = YES;
				GCC_OPTIMIZATION_LEVEL = 0;
				GCC_PREPROCESSOR_DEFINITIONS = (
					"DEBUG=1",
					"$(inherited)",
				);
				GCC_WARN_64_TO_32_BIT_CONVERSION = YES;
				GCC_WARN_ABOUT_RETURN_TYPE = YES_ERROR;
				GCC_WARN_UNDECLARED_SELECTOR = YES;
				GCC_WARN_UNINITIALIZED_AUTOS = YES_AGGRESSIVE;
				GCC_WARN_UNUSED_FUNCTION = YES;
				GCC_WARN_UNUSED_VARIABLE = YES;
				LOCALIZATION_PREFERS_STRING_CATALOGS = YES;
				MACOSX_DEPLOYMENT_TARGET = 26.0;
				MTL_ENABLE_DEBUG_INFO = INCLUDE_SOURCE;
				MTL_FAST_MATH = YES;
				ONLY_ACTIVE_ARCH = YES;
				SDKROOT = macosx;
				SWIFT_ACTIVE_COMPILATION_CONDITIONS = "DEBUG $(inherited)";
				SWIFT_OPTIMIZATION_LEVEL = "-Onone";
			};
			name = Debug;
		};
		DF72D0962EBB4A1F0007C5EB /* Release */ = {
			isa = XCBuildConfiguration;
			buildSettings = {
				ALWAYS_SEARCH_USER_PATHS = NO;
				ASSETCATALOG_COMPILER_GENERATE_SWIFT_ASSET_SYMBOL_EXTENSIONS = YES;
				CLANG_ANALYZER_NONNULL = YES;
				CLANG_ANALYZER_NUMBER_OBJECT_CONVERSION = YES_AGGRESSIVE;
				CLANG_CXX_LANGUAGE_STANDARD = "gnu++20";
				CLANG_ENABLE_MODULES = YES;
				CLANG_ENABLE_OBJC_ARC = YES;
				CLANG_ENABLE_OBJC_WEAK = YES;
				CLANG_WARN_BLOCK_CAPTURE_AUTORELEASING = YES;
				CLANG_WARN_BOOL_CONVERSION = YES;
				CLANG_WARN_COMMA = YES;
				CLANG_WARN_CONSTANT_CONVERSION = YES;
				CLANG_WARN_DEPRECATED_OBJC_IMPLEMENTATIONS = YES;
				CLANG_WARN_DIRECT_OBJC_ISA_USAGE = YES_ERROR;
				CLANG_WARN_DOCUMENTATION_COMMENTS = YES;
				CLANG_WARN_EMPTY_BODY = YES;
				CLANG_WARN_ENUM_CONVERSION = YES;
				CLANG_WARN_INFINITE_RECURSION = YES;
				CLANG_WARN_INT_CONVERSION = YES;
				CLANG_WARN_NON_LITERAL_NULL_CONVERSION = YES;
				CLANG_WARN_OBJC_IMPLICIT_RETAIN_SELF = YES;
				CLANG_WARN_OBJC_LITERAL_CONVERSION = YES;
				CLANG_WARN_OBJC_ROOT_CLASS = YES_ERROR;
				CLANG_WARN_QUOTED_INCLUDE_IN_FRAMEWORK_HEADER = YES;
				CLANG_WARN_RANGE_LOOP_ANALYSIS = YES;
				CLANG_WARN_STRICT_PROTOTYPES = YES;
				CLANG_WARN_SUSPICIOUS_MOVE = YES;
				CLANG_WARN_UNGUARDED_AVAILABILITY = YES_AGGRESSIVE;
				CLANG_WARN_UNREACHABLE_CODE = YES;
				CLANG_WARN__DUPLICATE_METHOD_MATCH = YES;
				COPY_PHASE_STRIP = NO;
				DEBUG_INFORMATION_FORMAT = "dwarf-with-dsym";
				DEVELOPMENT_TEAM = P9KK452K8P;
				ENABLE_NS_ASSERTIONS = NO;
				ENABLE_STRICT_OBJC_MSGSEND = YES;
				ENABLE_USER_SCRIPT_SANDBOXING = YES;
				GCC_C_LANGUAGE_STANDARD = gnu17;
				GCC_NO_COMMON_BLOCKS = YES;
				GCC_WARN_64_TO_32_BIT_CONVERSION = YES;
				GCC_WARN_ABOUT_RETURN_TYPE = YES_ERROR;
				GCC_WARN_UNDECLARED_SELECTOR = YES;
				GCC_WARN_UNINITIALIZED_AUTOS = YES_AGGRESSIVE;
				GCC_WARN_UNUSED_FUNCTION = YES;
				GCC_WARN_UNUSED_VARIABLE = YES;
				LOCALIZATION_PREFERS_STRING_CATALOGS = YES;
				MACOSX_DEPLOYMENT_TARGET = 26.0;
				MTL_ENABLE_DEBUG_INFO = NO;
				MTL_FAST_MATH = YES;
				SDKROOT = macosx;
				SWIFT_COMPILATION_MODE = wholemodule;
			};
			name = Release;
		};
		DF72D0982EBB4A1F0007C5EB /* Debug */ = {
			isa = XCBuildConfiguration;
			buildSettings = {
				ASSETCATALOG_COMPILER_APPICON_NAME = AppIcon;
				ASSETCATALOG_COMPILER_GLOBAL_ACCENT_COLOR_NAME = AccentColor;
				CODE_SIGN_STYLE = Automatic;
				COMBINE_HIDPI_IMAGES = YES;
				CURRENT_PROJECT_VERSION = 1;
				DEVELOPMENT_TEAM = P9KK452K8P;
				ENABLE_APP_SANDBOX = YES;
				ENABLE_HARDENED_RUNTIME = YES;
				ENABLE_INCOMING_NETWORK_CONNECTIONS = YES;
				ENABLE_OUTGOING_NETWORK_CONNECTIONS = YES;
				ENABLE_PREVIEWS = YES;
				ENABLE_RESOURCE_ACCESS_AUDIO_INPUT = NO;
				ENABLE_RESOURCE_ACCESS_BLUETOOTH = NO;
				ENABLE_RESOURCE_ACCESS_CALENDARS = NO;
				ENABLE_RESOURCE_ACCESS_CAMERA = NO;
				ENABLE_RESOURCE_ACCESS_CONTACTS = NO;
				ENABLE_RESOURCE_ACCESS_LOCATION = NO;
				ENABLE_RESOURCE_ACCESS_PRINTING = NO;
				ENABLE_RESOURCE_ACCESS_USB = NO;
				ENABLE_USER_SELECTED_FILES = readonly;
				GENERATE_INFOPLIST_FILE = YES;
				INFOPLIST_KEY_CFBundleDisplayName = ContractApp;
				INFOPLIST_KEY_LSApplicationCategoryType = "public.app-category.developer-tools";
				INFOPLIST_KEY_NSHumanReadableCopyright = "";
				LD_RUNPATH_SEARCH_PATHS = (
					"$(inherited)",
					"@executable_path/../Frameworks",
				);
				MARKETING_VERSION = 1.0;
				PRODUCT_BUNDLE_IDENTIFIER = rxlab.SmartContractApp;
				PRODUCT_NAME = "$(TARGET_NAME)";
				REGISTER_APP_GROUPS = YES;
				STRING_CATALOG_GENERATE_SYMBOLS = YES;
				SWIFT_APPROACHABLE_CONCURRENCY = YES;
				SWIFT_DEFAULT_ACTOR_ISOLATION = MainActor;
				SWIFT_EMIT_LOC_STRINGS = YES;
				SWIFT_UPCOMING_FEATURE_MEMBER_IMPORT_VISIBILITY = YES;
				SWIFT_VERSION = 5.0;
			};
			name = Debug;
		};
		DF72D0992EBB4A1F0007C5EB /* Release */ = {
			isa = XCBuildConfiguration;
			buildSettings = {
				ASSETCATALOG_COMPILER_APPICON_NAME = AppIcon;
				ASSETCATALOG_COMPILER_GLOBAL_ACCENT_COLOR_NAME = AccentColor;
				CODE_SIGN_STYLE = Automatic;
				COMBINE_HIDPI_IMAGES = YES;
				CURRENT_PROJECT_VERSION = 1;
				DEVELOPMENT_TEAM = P9KK452K8P;
				ENABLE_APP_SANDBOX = YES;
				ENABLE_HARDENED_RUNTIME = YES;
				ENABLE_INCOMING_NETWORK_CONNECTIONS = YES;
				ENABLE_OUTGOING_NETWORK_CONNECTIONS = YES;
				ENABLE_PREVIEWS = YES;
				ENABLE_RESOURCE_ACCESS_AUDIO_INPUT = NO;
				ENABLE_RESOURCE_ACCESS_BLUETOOTH = NO;
				ENABLE_RESOURCE_ACCESS_CALENDARS = NO;
				ENABLE_RESOURCE_ACCESS_CAMERA = NO;
				ENABLE_RESOURCE_ACCESS_CONTACTS = NO;
				ENABLE_RESOURCE_ACCESS_LOCATION = NO;
				ENABLE_RESOURCE_ACCESS_PRINTING = NO;
				ENABLE_RESOURCE_ACCESS_USB = NO;
				ENABLE_USER_SELECTED_FILES = readonly;
				GENERATE_INFOPLIST_FILE = YES;
				INFOPLIST_KEY_CFBundleDisplayName = ContractApp;
				INFOPLIST_KEY_LSApplicationCategoryType = "public.app-category.developer-tools";
				INFOPLIST_KEY_NSHumanReadableCopyright = "";
				LD_RUNPATH_SEARCH_PATHS = (
					"$(inherited)",
					"@executable_path/../Frameworks",
				);
				MARKETING_VERSION = 1.0;
				PRODUCT_BUNDLE_IDENTIFIER = rxlab.SmartContractApp;
				PRODUCT_NAME = "$(TARGET_NAME)";
				REGISTER_APP_GROUPS = YES;
				STRING_CATALOG_GENERATE_SYMBOLS = YES;
				SWIFT_APPROACHABLE_CONCURRENCY = YES;
				SWIFT_DEFAULT_ACTOR_ISOLATION = MainActor;
				SWIFT_EMIT_LOC_STRINGS = YES;
				SWIFT_UPCOMING_FEATURE_MEMBER_IMPORT_VISIBILITY = YES;
				SWIFT_VERSION = 5.0;
			};
			name = Release;
		};
		DF72D09B2EBB4A1F0007C5EB /* Debug */ = {
			isa = XCBuildConfiguration;
			buildSettings = {
				BUNDLE_LOADER = "$(TEST_HOST)";
				CODE_SIGN_STYLE = Automatic;
				CURRENT_PROJECT_VERSION = 1;
				DEVELOPMENT_TEAM = P9KK452K8P;
				GENERATE_INFOPLIST_FILE = YES;
				MACOSX_DEPLOYMENT_TARGET = 26.0;
				MARKETING_VERSION = 1.0;
				PRODUCT_BUNDLE_IDENTIFIER = rxlab.SmartContractAppTests;
				PRODUCT_NAME = "$(TARGET_NAME)";
				STRING_CATALOG_GENERATE_SYMBOLS = NO;
				SWIFT_APPROACHABLE_CONCURRENCY = YES;
				SWIFT_EMIT_LOC_STRINGS = NO;
				SWIFT_UPCOMING_FEATURE_MEMBER_IMPORT_VISIBILITY = YES;
				SWIFT_VERSION = 5.0;
				TEST_HOST = "$(BUILT_PRODUCTS_DIR)/SmartContractApp.app/$(BUNDLE_EXECUTABLE_FOLDER_PATH)/SmartContractApp";
			};
			name = Debug;
		};
		DF72D09C2EBB4A1F0007C5EB /* Release */ = {
			isa = XCBuildConfiguration;
			buildSettings = {
				BUNDLE_LOADER = "$(TEST_HOST)";
				CODE_SIGN_STYLE = Automatic;
				CURRENT_PROJECT_VERSION = 1;
				DEVELOPMENT_TEAM = P9KK452K8P;
				GENERATE_INFOPLIST_FILE = YES;
				MACOSX_DEPLOYMENT_TARGET = 26.0;
				MARKETING_VERSION = 1.0;
				PRODUCT_BUNDLE_IDENTIFIER = rxlab.SmartContractAppTests;
				PRODUCT_NAME = "$(TARGET_NAME)";
				STRING_CATALOG_GENERATE_SYMBOLS = NO;
				SWIFT_APPROACHABLE_CONCURRENCY = YES;
				SWIFT_EMIT_LOC_STRINGS = NO;
				SWIFT_UPCOMING_FEATURE_MEMBER_IMPORT_VISIBILITY = YES;
				SWIFT_VERSION = 5.0;
				TEST_HOST = "$(BUILT_PRODUCTS_DIR)/SmartContractApp.app/$(BUNDLE_EXECUTABLE_FOLDER_PATH)/SmartContractApp";
			};
			name = Release;
		};
		DF72D09E2EBB4A1F0007C5EB /* Debug */ = {
			isa = XCBuildConfiguration;
			buildSettings = {
				CODE_SIGN_STYLE = Automatic;
				CURRENT_PROJECT_VERSION = 1;
				DEVELOPMENT_TEAM = P9KK452K8P;
				GENERATE_INFOPLIST_FILE = YES;
				MARKETING_VERSION = 1.0;
				PRODUCT_BUNDLE_IDENTIFIER = rxlab.SmartContractAppUITests;
				PRODUCT_NAME = "$(TARGET_NAME)";
				STRING_CATALOG_GENERATE_SYMBOLS = NO;
				SWIFT_APPROACHABLE_CONCURRENCY = YES;
				SWIFT_EMIT_LOC_STRINGS = NO;
				SWIFT_UPCOMING_FEATURE_MEMBER_IMPORT_VISIBILITY = YES;
				SWIFT_VERSION = 5.0;
				TEST_TARGET_NAME = SmartContractApp;
			};
			name = Debug;
		};
		DF72D09F2EBB4A1F0007C5EB /* Release */ = {
			isa = XCBuildConfiguration;
			buildSettings = {
				CODE_SIGN_STYLE = Automatic;
				CURRENT_PROJECT_VERSION = 1;
				DEVELOPMENT_TEAM = P9KK452K8P;
				GENERATE_INFOPLIST_FILE = YES;
				MARKETING_VERSION = 1.0;
				PRODUCT_BUNDLE_IDENTIFIER = rxlab.SmartContractAppUITests;
				PRODUCT_NAME = "$(TARGET_NAME)";
				STRING_CATALOG_GENERATE_SYMBOLS = NO;
				SWIFT_APPROACHABLE_CONCURRENCY = YES;
				SWIFT_EMIT_LOC_STRINGS = NO;
				SWIFT_UPCOMING_FEATURE_MEMBER_IMPORT_VISIBILITY = YES;
				SWIFT_VERSION = 5.0;
				TEST_TARGET_NAME = SmartContractApp;
			};
			name = Release;
		};
/* End XCBuildConfiguration section */

/* Begin XCConfigurationList section */
		DF72D06F2EBB4A1F0007C5EB /* Build configuration list for PBXProject "SmartContractApp" */ = {
			isa = XCConfigurationList;
			buildConfigurations = (
				DF72D0952EBB4A1F0007C5EB /* Debug */,
				DF72D0962EBB4A1F0007C5EB /* Release */,
			);
			defaultConfigurationIsVisible = 0;
			defaultConfigurationName = Release;
		};
		DF72D0972EBB4A1F0007C5EB /* Build configuration list for PBXNativeTarget "SmartContractApp" */ = {
			isa = XCConfigurationList;
			buildConfigurations = (
				DF72D0982EBB4A1F0007C5EB /* Debug */,
				DF72D0992EBB4A1F0007C5EB /* Release */,
			);
			defaultConfigurationIsVisible = 0;
			defaultConfigurationName = Release;
		};
		DF72D09A2EBB4A1F0007C5EB /* Build configuration list for PBXNativeTarget "SmartContractAppTests" */ = {
			isa = XCConfigurationList;
			buildConfigurations = (
				DF72D09B2EBB4A1F0007C5EB /* Debug */,
				DF72D09C2EBB4A1F0007C5EB /* Release */,
			);
			defaultConfigurationIsVisible = 0;
			defaultConfigurationName = Release;
		};
		DF72D09D2EBB4A1F0007C5EB /* Build configuration list for PBXNativeTarget "SmartContractAppUITests" */ = {
			isa = XCConfigurationList;
			buildConfigurations = (
				DF72D09E2EBB4A1F0007C5EB /* Debug */,
				DF72D09F2EBB4A1F0007C5EB /* Release */,
			);
			defaultConfigurationIsVisible = 0;
			defaultConfigurationName = Release;
		};
/* End XCConfigurationList section */

/* Begin XCLocalSwiftPackageReference section */
		DF72D0EF2EBDA3F30007C5EB /* XCLocalSwiftPackageReference "packages/EvmCore" */ = {
			isa = XCLocalSwiftPackageReference;
			relativePath = packages/EvmCore;
		};
/* End XCLocalSwiftPackageReference section */

/* Begin XCRemoteSwiftPackageReference section */
		DF6933402EBDE82C00940F80 /* XCRemoteSwiftPackageReference "CodeEditorView" */ = {
			isa = XCRemoteSwiftPackageReference;
			repositoryURL = "https://github.com/mchakravarty/CodeEditorView";
			requirement = {
				kind = upToNextMajorVersion;
				minimumVersion = 0.15.4;
			};
		};
		DF6933492EBDF63000940F80 /* XCRemoteSwiftPackageReference "keychain-swift" */ = {
			isa = XCRemoteSwiftPackageReference;
			repositoryURL = "https://github.com/evgenyneu/keychain-swift";
			requirement = {
				kind = upToNextMajorVersion;
				minimumVersion = 24.0.0;
			};
		};
		DFBEF2CA2EC62696004A1BCF /* XCRemoteSwiftPackageReference "ViewInspector" */ = {
			isa = XCRemoteSwiftPackageReference;
			repositoryURL = "https://github.com/nalexn/ViewInspector";
			requirement = {
				kind = upToNextMajorVersion;
				minimumVersion = 0.10.3;
			};
		};
/* End XCRemoteSwiftPackageReference section */

/* Begin XCSwiftPackageProductDependency section */
		DF6933412EBDE82C00940F80 /* CodeEditorView */ = {
			isa = XCSwiftPackageProductDependency;
			package = DF6933402EBDE82C00940F80 /* XCRemoteSwiftPackageReference "CodeEditorView" */;
			productName = CodeEditorView;
		};
		DF6933432EBDE82C00940F80 /* LanguageSupport */ = {
			isa = XCSwiftPackageProductDependency;
			package = DF6933402EBDE82C00940F80 /* XCRemoteSwiftPackageReference "CodeEditorView" */;
			productName = LanguageSupport;
		};
		DF69334A2EBDF63000940F80 /* KeychainSwift */ = {
			isa = XCSwiftPackageProductDependency;
			package = DF6933492EBDF63000940F80 /* XCRemoteSwiftPackageReference "keychain-swift" */;
			productName = KeychainSwift;
		};
		DF72D0F02EBDA3F30007C5EB /* EvmCore */ = {
			isa = XCSwiftPackageProductDependency;
			productName = EvmCore;
		};
		DF72D0F22EBDA3F30007C5EB /* Solidity */ = {
			isa = XCSwiftPackageProductDependency;
			productName = Solidity;
		};
		DFBEF2CB2EC62696004A1BCF /* ViewInspector */ = {
			isa = XCSwiftPackageProductDependency;
			package = DFBEF2CA2EC62696004A1BCF /* XCRemoteSwiftPackageReference "ViewInspector" */;
			productName = ViewInspector;
		};
/* End XCSwiftPackageProductDependency section */
	};
	rootObject = DF72D06C2EBB4A1F0007C5EB /* Project object */;
}
