{
  "originHash" : "829f173eb8c1de272c6d2d303d21858b80a95a7cef7ef18e4229b9ed8bb3082e",
  "pins" : [
    {
      "identity" : "bigint",
      "kind" : "remoteSourceControl",
      "location" : "https://github.com/attaswift/BigInt.git",
      "state" : {
        "revision" : "e07e00fa1fd435143a2dcf8b7eec9a7710b2fdfe",
        "version" : "5.7.0"
      }
    },
    {
      "identity" : "cryptoswift",
      "kind" : "remoteSourceControl",
      "location" : "https://github.com/krzyzanowskim/CryptoSwift.git",
      "state" : {
        "revision" : "e45a26384239e028ec87fbcc788f513b67e10d8f",
        "version" : "1.9.0"
      }
    }
  ],
  "version" : 3
}
